
Microsoft Visual Studio Solution File, Format Version 12.00
# Visual Studio 2013
VisualStudioVersion = 12.0.21005.1
MinimumVisualStudioVersion = 10.0.40219.1
Project("{FAE04EC0-301F-11D3-BF4B-00C04F79EFBC}") = "QuanLyLinhKien", "QuanLyLinhKien\QuanLyLinhKien.csproj", "{4DCF7A9A-92AB-4385-ACE0-FD31935A86A1}"
EndProject
Project("{FAE04EC0-301F-11D3-BF4B-00C04F79EFBC}") = "BUS", "BUS\BUS.csproj", "{E7E7A67F-A5D3-4372-89FA-08FEABC36B37}"
EndProject
Project("{FAE04EC0-301F-11D3-BF4B-00C04F79EFBC}") = "DTO", "DTO\DTO.csproj", "{C0AE6E42-B937-40BA-8AA8-ADF1E9989155}"
EndProject
Project("{FAE04EC0-301F-11D3-BF4B-00C04F79EFBC}") = "DAO", "DAO\DAO.csproj", "{57D3ABE7-F4C4-410B-AF88-2B04521839CD}"
EndProject
Global
	GlobalSection(SolutionConfigurationPlatforms) = preSolution
		Debug|Any CPU = Debug|Any CPU
		Release|Any CPU = Release|Any CPU
	EndGlobalSection
	GlobalSection(ProjectConfigurationPlatforms) = postSolution
		{4DCF7A9A-92AB-4385-ACE0-FD31935A86A1}.Debug|Any CPU.ActiveCfg = Debug|Any CPU
		{4DCF7A9A-92AB-4385-ACE0-FD31935A86A1}.Debug|Any CPU.Build.0 = Debug|Any CPU
		{4DCF7A9A-92AB-4385-ACE0-FD31935A86A1}.Release|Any CPU.ActiveCfg = Release|Any CPU
		{4DCF7A9A-92AB-4385-ACE0-FD31935A86A1}.Release|Any CPU.Build.0 = Release|Any CPU
		{E7E7A67F-A5D3-4372-89FA-08FEABC36B37}.Debug|Any CPU.ActiveCfg = Debug|Any CPU
		{E7E7A67F-A5D3-4372-89FA-08FEABC36B37}.Debug|Any CPU.Build.0 = Debug|Any CPU
		{E7E7A67F-A5D3-4372-89FA-08FEABC36B37}.Release|Any CPU.ActiveCfg = Release|Any CPU
		{E7E7A67F-A5D3-4372-89FA-08FEABC36B37}.Release|Any CPU.Build.0 = Release|Any CPU
		{C0AE6E42-B937-40BA-8AA8-ADF1E9989155}.Debug|Any CPU.ActiveCfg = Debug|Any CPU
		{C0AE6E42-B937-40BA-8AA8-ADF1E9989155}.Debug|Any CPU.Build.0 = Debug|Any CPU
		{C0AE6E42-B937-40BA-8AA8-ADF1E9989155}.Release|Any CPU.ActiveCfg = Release|Any CPU
		{C0AE6E42-B937-40BA-8AA8-ADF1E9989155}.Release|Any CPU.Build.0 = Release|Any CPU
		{57D3ABE7-F4C4-410B-AF88-2B04521839CD}.Debug|Any CPU.ActiveCfg = Debug|Any CPU
		{57D3ABE7-F4C4-410B-AF88-2B04521839CD}.Debug|Any CPU.Build.0 = Debug|Any CPU
		{57D3ABE7-F4C4-410B-AF88-2B04521839CD}.Release|Any CPU.ActiveCfg = Release|Any CPU
		{57D3ABE7-F4C4-410B-AF88-2B04521839CD}.Release|Any CPU.Build.0 = Release|Any CPU
	EndGlobalSection
	GlobalSection(SolutionProperties) = preSolution
		HideSolutionNode = FALSE
	EndGlobalSection
EndGlobal
